// !$*UTF8*$!
{
	archiveVersion = 1;
	classes = {
	};
	objectVersion = 46;
	objects = {

/* Begin PBXFileReference section */
		B4D00CE418BD28CE0073313E /* defs.h */ = {isa = PBXFileReference; fileEncoding = 4; lastKnownFileType = sourcecode.c.h; path = defs.h; sourceTree = "<group>"; };
		B4D00CE518BD28CE0073313E /* derivatives.c */ = {isa = PBXFileReference; fileEncoding = 4; lastKnownFileType = sourcecode.c.c; path = derivatives.c; sourceTree = "<group>"; };
		B4D00CE618BD28CE0073313E /* fbgk6.c */ = {isa = PBXFileReference; fileEncoding = 4; lastKnownFileType = sourcecode.c.c; path = fbgk6.c; sourceTree = "<group>"; };
		B4D00CE718BD28CE0073313E /* general.c */ = {isa = PBXFileReference; fileEncoding = 4; lastKnownFileType = sourcecode.c.c; path = general.c; sourceTree = "<group>"; };
		B4D00CE818BD28CE0073313E /* makefile */ = {isa = PBXFileReference; explicitFileType = sourcecode.make; fileEncoding = 4; lineEnding = 0; path = makefile; sourceTree = SOURCE_ROOT; };
		B4D00CE918BD2C020073313E /* run */ = {isa = PBXFileReference; lastKnownFileType = "compiled.mach-o.executable"; path = run; sourceTree = "<group>"; };
/* End PBXFileReference section */

/* Begin PBXGroup section */
		B4D00CD918BD289E0073313E = {
			isa = PBXGroup;
			children = (
				B4D00CE918BD2C020073313E /* run */,
				B4D00CE418BD28CE0073313E /* defs.h */,
				B4D00CE518BD28CE0073313E /* derivatives.c */,
				B4D00CE618BD28CE0073313E /* fbgk6.c */,
				B4D00CE718BD28CE0073313E /* general.c */,
				B4D00CE818BD28CE0073313E /* makefile */,
			);
			sourceTree = "<group>";
		};
/* End PBXGroup section */

/* Begin PBXLegacyTarget section */
		B4D00CDE18BD289E0073313E /* Jasna_code */ = {
			isa = PBXLegacyTarget;
			buildArgumentsString = "";
			buildConfigurationList = B4D00CE118BD289E0073313E /* Build configuration list for PBXLegacyTarget "Jasna_code" */;
			buildPhases = (
			);
			buildToolPath = /usr/bin/make;
			buildWorkingDirectory = /Users/niktre/Documents/MPIP/LB_codes/Jasna;
			dependencies = (
			);
			name = Jasna_code;
			passBuildSettingsInEnvironment = 1;
			productName = Jasna_code;
		};
/* End PBXLegacyTarget section */

/* Begin PBXProject section */
		B4D00CDA18BD289E0073313E /* Project object */ = {
			isa = PBXProject;
			attributes = {
				LastUpgradeCheck = 0500;
				ORGANIZATIONNAME = niktre;
			};
			buildConfigurationList = B4D00CDD18BD289E0073313E /* Build configuration list for PBXProject "Jasna_code" */;
			compatibilityVersion = "Xcode 3.2";
			developmentRegion = English;
			hasScannedForEncodings = 0;
			knownRegions = (
				en,
			);
			mainGroup = B4D00CD918BD289E0073313E;
			projectDirPath = "";
			projectRoot = "";
			targets = (
				B4D00CDE18BD289E0073313E /* Jasna_code */,
			);
		};
/* End PBXProject section */

/* Begin XCBuildConfiguration section */
		B4D00CDF18BD289E0073313E /* Debug */ = {
			isa = XCBuildConfiguration;
			buildSettings = {
				ALWAYS_SEARCH_USER_PATHS = NO;
				CLANG_CXX_LANGUAGE_STANDARD = "gnu++0x";
				CLANG_CXX_LIBRARY = "libc++";
				CLANG_ENABLE_OBJC_ARC = YES;
				CLANG_WARN_BOOL_CONVERSION = YES;
				CLANG_WARN_CONSTANT_CONVERSION = YES;
				CLANG_WARN_DIRECT_OBJC_ISA_USAGE = YES_ERROR;
				CLANG_WARN_EMPTY_BODY = YES;
				CLANG_WARN_ENUM_CONVERSION = YES;
				CLANG_WARN_INT_CONVERSION = YES;
				CLANG_WARN_OBJC_ROOT_CLASS = YES_ERROR;
				CLANG_WARN__DUPLICATE_METHOD_MATCH = YES;
				COPY_PHASE_STRIP = NO;
				GCC_C_LANGUAGE_STANDARD = gnu99;
				GCC_DYNAMIC_NO_PIC = NO;
				GCC_ENABLE_OBJC_EXCEPTIONS = YES;
				GCC_OPTIMIZATION_LEVEL = 0;
				GCC_PREPROCESSOR_DEFINITIONS = (
					"DEBUG=1",
					"$(inherited)",
				);
				GCC_SYMBOLS_PRIVATE_EXTERN = NO;
				GCC_WARN_64_TO_32_BIT_CONVERSION = YES;
				GCC_WARN_ABOUT_RETURN_TYPE = YES_ERROR;
				GCC_WARN_UNDECLARED_SELECTOR = YES;
				GCC_WARN_UNINITIALIZED_AUTOS = YES;
				GCC_WARN_UNUSED_FUNCTION = YES;
				GCC_WARN_UNUSED_VARIABLE = YES;
				MACOSX_DEPLOYMENT_TARGET = 10.9;
				ONLY_ACTIVE_ARCH = YES;
				SDKROOT = macosx;
			};
			name = Debug;
		};
		B4D00CE018BD289E0073313E /* Release */ = {
			isa = XCBuildConfiguration;
			buildSettings = {
				ALWAYS_SEARCH_USER_PATHS = NO;
				CLANG_CXX_LANGUAGE_STANDARD = "gnu++0x";
				CLANG_CXX_LIBRARY = "libc++";
				CLANG_ENABLE_OBJC_ARC = YES;
				CLANG_WARN_BOOL_CONVERSION = YES;
				CLANG_WARN_CONSTANT_CONVERSION = YES;
				CLANG_WARN_DIRECT_OBJC_ISA_USAGE = YES_ERROR;
				CLANG_WARN_EMPTY_BODY = YES;
				CLANG_WARN_ENUM_CONVERSION = YES;
				CLANG_WARN_INT_CONVERSION = YES;
				CLANG_WARN_OBJC_ROOT_CLASS = YES_ERROR;
				CLANG_WARN__DUPLICATE_METHOD_MATCH = YES;
				COPY_PHASE_STRIP = YES;
				DEBUG_INFORMATION_FORMAT = "dwarf-with-dsym";
				ENABLE_NS_ASSERTIONS = NO;
				GCC_C_LANGUAGE_STANDARD = gnu99;
				GCC_ENABLE_OBJC_EXCEPTIONS = YES;
				GCC_WARN_64_TO_32_BIT_CONVERSION = YES;
				GCC_WARN_ABOUT_RETURN_TYPE = YES_ERROR;
				GCC_WARN_UNDECLARED_SELECTOR = YES;
				GCC_WARN_UNINITIALIZED_AUTOS = YES;
				GCC_WARN_UNUSED_FUNCTION = YES;
				GCC_WARN_UNUSED_VARIABLE = YES;
				MACOSX_DEPLOYMENT_TARGET = 10.9;
				SDKROOT = macosx;
			};
			name = Release;
		};
		B4D00CE218BD289E0073313E /* Debug */ = {
			isa = XCBuildConfiguration;
			buildSettings = {
				DEBUGGING_SYMBOLS = YES;
				GCC_GENERATE_DEBUGGING_SYMBOLS = YES;
				GCC_OPTIMIZATION_LEVEL = 0;
				OTHER_CFLAGS = "";
				OTHER_LDFLAGS = "";
				PRODUCT_NAME = "$(TARGET_NAME)";
			};
			name = Debug;
		};
		B4D00CE318BD289E0073313E /* Release */ = {
			isa = XCBuildConfiguration;
			buildSettings = {
				OTHER_CFLAGS = "";
				OTHER_LDFLAGS = "";
				PRODUCT_NAME = "$(TARGET_NAME)";
			};
			name = Release;
		};
/* End XCBuildConfiguration section */

/* Begin XCConfigurationList section */
		B4D00CDD18BD289E0073313E /* Build configuration list for PBXProject "Jasna_code" */ = {
			isa = XCConfigurationList;
			buildConfigurations = (
				B4D00CDF18BD289E0073313E /* Debug */,
				B4D00CE018BD289E0073313E /* Release */,
			);
			defaultConfigurationIsVisible = 0;
			defaultConfigurationName = Release;
		};
		B4D00CE118BD289E0073313E /* Build configuration list for PBXLegacyTarget "Jasna_code" */ = {
			isa = XCConfigurationList;
			buildConfigurations = (
				B4D00CE218BD289E0073313E /* Debug */,
				B4D00CE318BD289E0073313E /* Release */,
			);
			defaultConfigurationIsVisible = 0;
			defaultConfigurationName = Release;
		};
/* End XCConfigurationList section */
	};
	rootObject = B4D00CDA18BD289E0073313E /* Project object */;
}
